
Microsoft Visual Studio Solution File, Format Version 12.00
# Visual Studio Version 16
VisualStudioVersion = 16.0.30803.129
MinimumVisualStudioVersion = 10.0.40219.1
Project("{9A19103F-16F7-4668-BE54-9A1E7A4F7556}") = "C6502", "src\C6502\C6502.csproj", "{30F1772D-4EB0-4565-87BC-51B6EA904EC3}"
EndProject
Project("{9A19103F-16F7-4668-BE54-9A1E7A4F7556}") = "C64", "src\C64\C64.csproj", "{F76CAC59-EEFD-4800-87AE-F53BB80EAE76}"
EndProject
Project("{9A19103F-16F7-4668-BE54-9A1E7A4F7556}") = "vic6569", "src\Vic6569\vic6569.csproj", "{FB3BDAAB-6591-4848-97CE-CCF66AE5A4A8}"
EndProject
Project("{9A19103F-16F7-4668-BE54-9A1E7A4F7556}") = "HexParser", "src\HexParser\HexParser.csproj", "{24653E84-8D7D-4474-845C-12BE8CD8FF28}"
EndProject
Project("{9A19103F-16F7-4668-BE54-9A1E7A4F7556}") = "HexParserTest", "src\HexParserTest\HexParserTest.csproj", "{EB514DDF-C2C7-44C8-AB3A-D1CA6041DA4C}"
EndProject
Project("{FAE04EC0-301F-11D3-BF4B-00C04F79EFBC}") = "C64UI", "C64UI\C64UI.csproj", "{91448DFB-F1D7-476F-9B8B-B72DF67F4861}"
EndProject
Global
	GlobalSection(SolutionConfigurationPlatforms) = preSolution
		Debug|Any CPU = Debug|Any CPU
		Release|Any CPU = Release|Any CPU
	EndGlobalSection
	GlobalSection(ProjectConfigurationPlatforms) = postSolution
		{30F1772D-4EB0-4565-87BC-51B6EA904EC3}.Debug|Any CPU.ActiveCfg = Debug|Any CPU
		{30F1772D-4EB0-4565-87BC-51B6EA904EC3}.Debug|Any CPU.Build.0 = Debug|Any CPU
		{30F1772D-4EB0-4565-87BC-51B6EA904EC3}.Release|Any CPU.ActiveCfg = Release|Any CPU
		{30F1772D-4EB0-4565-87BC-51B6EA904EC3}.Release|Any CPU.Build.0 = Release|Any CPU
		{F76CAC59-EEFD-4800-87AE-F53BB80EAE76}.Debug|Any CPU.ActiveCfg = Debug|Any CPU
		{F76CAC59-EEFD-4800-87AE-F53BB80EAE76}.Debug|Any CPU.Build.0 = Debug|Any CPU
		{F76CAC59-EEFD-4800-87AE-F53BB80EAE76}.Release|Any CPU.ActiveCfg = Release|Any CPU
		{F76CAC59-EEFD-4800-87AE-F53BB80EAE76}.Release|Any CPU.Build.0 = Release|Any CPU
		{FB3BDAAB-6591-4848-97CE-CCF66AE5A4A8}.Debug|Any CPU.ActiveCfg = Debug|Any CPU
		{FB3BDAAB-6591-4848-97CE-CCF66AE5A4A8}.Debug|Any CPU.Build.0 = Debug|Any CPU
		{FB3BDAAB-6591-4848-97CE-CCF66AE5A4A8}.Release|Any CPU.ActiveCfg = Release|Any CPU
		{FB3BDAAB-6591-4848-97CE-CCF66AE5A4A8}.Release|Any CPU.Build.0 = Release|Any CPU
		{24653E84-8D7D-4474-845C-12BE8CD8FF28}.Debug|Any CPU.ActiveCfg = Debug|Any CPU
		{24653E84-8D7D-4474-845C-12BE8CD8FF28}.Debug|Any CPU.Build.0 = Debug|Any CPU
		{24653E84-8D7D-4474-845C-12BE8CD8FF28}.Release|Any CPU.ActiveCfg = Release|Any CPU
		{24653E84-8D7D-4474-845C-12BE8CD8FF28}.Release|Any CPU.Build.0 = Release|Any CPU
		{EB514DDF-C2C7-44C8-AB3A-D1CA6041DA4C}.Debug|Any CPU.ActiveCfg = Debug|Any CPU
		{EB514DDF-C2C7-44C8-AB3A-D1CA6041DA4C}.Debug|Any CPU.Build.0 = Debug|Any CPU
		{EB514DDF-C2C7-44C8-AB3A-D1CA6041DA4C}.Release|Any CPU.ActiveCfg = Release|Any CPU
		{EB514DDF-C2C7-44C8-AB3A-D1CA6041DA4C}.Release|Any CPU.Build.0 = Release|Any CPU
		{91448DFB-F1D7-476F-9B8B-B72DF67F4861}.Debug|Any CPU.ActiveCfg = Debug|Any CPU
		{91448DFB-F1D7-476F-9B8B-B72DF67F4861}.Debug|Any CPU.Build.0 = Debug|Any CPU
		{91448DFB-F1D7-476F-9B8B-B72DF67F4861}.Release|Any CPU.ActiveCfg = Release|Any CPU
		{91448DFB-F1D7-476F-9B8B-B72DF67F4861}.Release|Any CPU.Build.0 = Release|Any CPU
	EndGlobalSection
	GlobalSection(SolutionProperties) = preSolution
		HideSolutionNode = FALSE
	EndGlobalSection
	GlobalSection(ExtensibilityGlobals) = postSolution
		SolutionGuid = {634C0940-D2BB-4B09-9746-EF0CE0308F9F}
	EndGlobalSection
EndGlobal
